
Microsoft Visual Studio Solution File, Format Version 12.00
# Visual Studio 14
VisualStudioVersion = 14.0.22823.1
MinimumVisualStudioVersion = 10.0.40219.1
Project("{FAE04EC0-301F-11D3-BF4B-00C04F79EFBC}") = "ImageLibrary", "ImageLibrary\ImageLibrary.csproj", "{74CE2D1A-879E-4B5A-B160-519E45E22178}"
EndProject
Project("{FAE04EC0-301F-11D3-BF4B-00C04F79EFBC}") = "ImgTests", "ImgTests\ImgTests.csproj", "{12312C3B-103C-44EA-8B76-F83C9C8E3884}"
EndProject
Project("{FAE04EC0-301F-11D3-BF4B-00C04F79EFBC}") = "ImageLibraryGui", "ImageLibraryGui\ImageLibraryGui.csproj", "{4B12DC41-A4CD-4BE8-B975-0C722653F5D1}"
EndProject
Global
	GlobalSection(SolutionConfigurationPlatforms) = preSolution
		Debug|x64 = Debug|x64
		Release|x64 = Release|x64
	EndGlobalSection
	GlobalSection(ProjectConfigurationPlatforms) = postSolution
		{74CE2D1A-879E-4B5A-B160-519E45E22178}.Debug|x64.ActiveCfg = Debug|x64
		{74CE2D1A-879E-4B5A-B160-519E45E22178}.Debug|x64.Build.0 = Debug|x64
		{74CE2D1A-879E-4B5A-B160-519E45E22178}.Release|x64.ActiveCfg = Release|x64
		{74CE2D1A-879E-4B5A-B160-519E45E22178}.Release|x64.Build.0 = Release|x64
		{12312C3B-103C-44EA-8B76-F83C9C8E3884}.Debug|x64.ActiveCfg = Debug|x64
		{12312C3B-103C-44EA-8B76-F83C9C8E3884}.Debug|x64.Build.0 = Debug|x64
		{12312C3B-103C-44EA-8B76-F83C9C8E3884}.Release|x64.ActiveCfg = Release|x64
		{12312C3B-103C-44EA-8B76-F83C9C8E3884}.Release|x64.Build.0 = Release|x64
		{4B12DC41-A4CD-4BE8-B975-0C722653F5D1}.Debug|x64.ActiveCfg = Debug|x64
		{4B12DC41-A4CD-4BE8-B975-0C722653F5D1}.Debug|x64.Build.0 = Debug|x64
		{4B12DC41-A4CD-4BE8-B975-0C722653F5D1}.Release|x64.ActiveCfg = Release|x64
		{4B12DC41-A4CD-4BE8-B975-0C722653F5D1}.Release|x64.Build.0 = Release|x64
	EndGlobalSection
	GlobalSection(SolutionProperties) = preSolution
		HideSolutionNode = FALSE
	EndGlobalSection
	GlobalSection(ExtensibilityGlobals) = postSolution
		EnterpriseLibraryConfigurationToolBinariesPath = packages\Unity.2.1.505.2\lib\NET35
	EndGlobalSection
EndGlobal
